// !$*UTF8*$!
{
	archiveVersion = 1;
	classes = {
	};
	objectVersion = 56;
	objects = {

/* Begin PBXBuildFile section */
		B5179F2B2A380F2800EE8C3F /* ContentDetailView.swift in Sources */ = {isa = PBXBuildFile; fileRef = B5179F2A2A380F2800EE8C3F /* ContentDetailView.swift */; };
		B5179F2E2A3817A300EE8C3F /* AVKit.framework in Frameworks */ = {isa = PBXBuildFile; fileRef = B5179F2D2A3817A300EE8C3F /* AVKit.framework */; };
		B5179F302A381B6600EE8C3F /* Constants..swift in Sources */ = {isa = PBXBuildFile; fileRef = B5179F2F2A381B6600EE8C3F /* Constants..swift */; };
		B5179F6B2A38F46800EE8C3F /* CodeTextView.swift in Sources */ = {isa = PBXBuildFile; fileRef = B5179F6A2A38F46800EE8C3F /* CodeTextView.swift */; };
		B586991E2A336683009099C2 /* HomeViewRow.swift in Sources */ = {isa = PBXBuildFile; fileRef = B586991D2A336683009099C2 /* HomeViewRow.swift */; };
		B58699202A33991C009099C2 /* ContentView.swift in Sources */ = {isa = PBXBuildFile; fileRef = B586991F2A33991C009099C2 /* ContentView.swift */; };
		B58699222A34033D009099C2 /* ContentViewRow.swift in Sources */ = {isa = PBXBuildFile; fileRef = B58699212A34033D009099C2 /* ContentViewRow.swift */; };
		B58F34292A323882007B7562 /* LearningApp.swift in Sources */ = {isa = PBXBuildFile; fileRef = B58F34282A323882007B7562 /* LearningApp.swift */; };
		B58F342B2A323882007B7562 /* HomeView.swift in Sources */ = {isa = PBXBuildFile; fileRef = B58F342A2A323882007B7562 /* HomeView.swift */; };
		B58F342D2A323883007B7562 /* Assets.xcassets in Resources */ = {isa = PBXBuildFile; fileRef = B58F342C2A323883007B7562 /* Assets.xcassets */; };
		B58F34302A323883007B7562 /* Preview Assets.xcassets in Resources */ = {isa = PBXBuildFile; fileRef = B58F342F2A323883007B7562 /* Preview Assets.xcassets */; };
		B58F343D2A324A0E007B7562 /* ContentModel.swift in Sources */ = {isa = PBXBuildFile; fileRef = B58F343C2A324A0E007B7562 /* ContentModel.swift */; };
		B58F34442A325924007B7562 /* style.html in Resources */ = {isa = PBXBuildFile; fileRef = B58F34422A325924007B7562 /* style.html */; };
		B58F34452A325924007B7562 /* data.json in Resources */ = {isa = PBXBuildFile; fileRef = B58F34432A325924007B7562 /* data.json */; };
		B58F34472A326F4F007B7562 /* Models.swift in Sources */ = {isa = PBXBuildFile; fileRef = B58F34462A326F4F007B7562 /* Models.swift */; };
/* End PBXBuildFile section */

/* Begin PBXFileReference section */
		B5179F2A2A380F2800EE8C3F /* ContentDetailView.swift */ = {isa = PBXFileReference; lastKnownFileType = sourcecode.swift; path = ContentDetailView.swift; sourceTree = "<group>"; };
		B5179F2D2A3817A300EE8C3F /* AVKit.framework */ = {isa = PBXFileReference; lastKnownFileType = wrapper.framework; name = AVKit.framework; path = System/Library/Frameworks/AVKit.framework; sourceTree = SDKROOT; };
		B5179F2F2A381B6600EE8C3F /* Constants..swift */ = {isa = PBXFileReference; lastKnownFileType = sourcecode.swift; path = Constants..swift; sourceTree = "<group>"; };
		B5179F6A2A38F46800EE8C3F /* CodeTextView.swift */ = {isa = PBXFileReference; lastKnownFileType = sourcecode.swift; path = CodeTextView.swift; sourceTree = "<group>"; };
		B586991D2A336683009099C2 /* HomeViewRow.swift */ = {isa = PBXFileReference; lastKnownFileType = sourcecode.swift; path = HomeViewRow.swift; sourceTree = "<group>"; };
		B586991F2A33991C009099C2 /* ContentView.swift */ = {isa = PBXFileReference; lastKnownFileType = sourcecode.swift; path = ContentView.swift; sourceTree = "<group>"; };
		B58699212A34033D009099C2 /* ContentViewRow.swift */ = {isa = PBXFileReference; lastKnownFileType = sourcecode.swift; path = ContentViewRow.swift; sourceTree = "<group>"; };
		B58F34252A323882007B7562 /* Learning App.app */ = {isa = PBXFileReference; explicitFileType = wrapper.application; includeInIndex = 0; path = "Learning App.app"; sourceTree = BUILT_PRODUCTS_DIR; };
		B58F34282A323882007B7562 /* LearningApp.swift */ = {isa = PBXFileReference; lastKnownFileType = sourcecode.swift; path = LearningApp.swift; sourceTree = "<group>"; };
		B58F342A2A323882007B7562 /* HomeView.swift */ = {isa = PBXFileReference; lastKnownFileType = sourcecode.swift; path = HomeView.swift; sourceTree = "<group>"; };
		B58F342C2A323883007B7562 /* Assets.xcassets */ = {isa = PBXFileReference; lastKnownFileType = folder.assetcatalog; path = Assets.xcassets; sourceTree = "<group>"; };
		B58F342F2A323883007B7562 /* Preview Assets.xcassets */ = {isa = PBXFileReference; lastKnownFileType = folder.assetcatalog; path = "Preview Assets.xcassets"; sourceTree = "<group>"; };
		B58F343C2A324A0E007B7562 /* ContentModel.swift */ = {isa = PBXFileReference; lastKnownFileType = sourcecode.swift; path = ContentModel.swift; sourceTree = "<group>"; };
		B58F34422A325924007B7562 /* style.html */ = {isa = PBXFileReference; fileEncoding = 4; lastKnownFileType = text.html; path = style.html; sourceTree = "<group>"; };
		B58F34432A325924007B7562 /* data.json */ = {isa = PBXFileReference; fileEncoding = 4; lastKnownFileType = text.json; path = data.json; sourceTree = "<group>"; };
		B58F34462A326F4F007B7562 /* Models.swift */ = {isa = PBXFileReference; lastKnownFileType = sourcecode.swift; path = Models.swift; sourceTree = "<group>"; };
/* End PBXFileReference section */

/* Begin PBXFrameworksBuildPhase section */
		B58F34222A323882007B7562 /* Frameworks */ = {
			isa = PBXFrameworksBuildPhase;
			buildActionMask = 2147483647;
			files = (
				B5179F2E2A3817A300EE8C3F /* AVKit.framework in Frameworks */,
			);
			runOnlyForDeploymentPostprocessing = 0;
		};
/* End PBXFrameworksBuildPhase section */

/* Begin PBXGroup section */
		B5179F2C2A3817A200EE8C3F /* Frameworks */ = {
			isa = PBXGroup;
			children = (
				B5179F2D2A3817A300EE8C3F /* AVKit.framework */,
			);
			name = Frameworks;
			sourceTree = "<group>";
		};
		B58F341C2A323882007B7562 = {
			isa = PBXGroup;
			children = (
				B58F34272A323882007B7562 /* Learning App */,
				B58F34262A323882007B7562 /* Products */,
				B5179F2C2A3817A200EE8C3F /* Frameworks */,
			);
			sourceTree = "<group>";
		};
		B58F34262A323882007B7562 /* Products */ = {
			isa = PBXGroup;
			children = (
				B58F34252A323882007B7562 /* Learning App.app */,
			);
			name = Products;
			sourceTree = "<group>";
		};
		B58F34272A323882007B7562 /* Learning App */ = {
			isa = PBXGroup;
			children = (
				B58F34282A323882007B7562 /* LearningApp.swift */,
				B58F34382A324623007B7562 /* Models */,
				B58F34372A32461F007B7562 /* Views */,
				B58F34362A324618007B7562 /* ViewModels */,
				B58F343A2A324637007B7562 /* Helpers */,
				B58F34392A32462F007B7562 /* Resources */,
				B58F342C2A323883007B7562 /* Assets.xcassets */,
				B58F342E2A323883007B7562 /* Preview Content */,
			);
			path = "Learning App";
			sourceTree = "<group>";
		};
		B58F342E2A323883007B7562 /* Preview Content */ = {
			isa = PBXGroup;
			children = (
				B58F342F2A323883007B7562 /* Preview Assets.xcassets */,
			);
			path = "Preview Content";
			sourceTree = "<group>";
		};
		B58F34362A324618007B7562 /* ViewModels */ = {
			isa = PBXGroup;
			children = (
				B58F343C2A324A0E007B7562 /* ContentModel.swift */,
			);
			path = ViewModels;
			sourceTree = "<group>";
		};
		B58F34372A32461F007B7562 /* Views */ = {
			isa = PBXGroup;
			children = (
				B58F342A2A323882007B7562 /* HomeView.swift */,
				B586991D2A336683009099C2 /* HomeViewRow.swift */,
				B586991F2A33991C009099C2 /* ContentView.swift */,
				B58699212A34033D009099C2 /* ContentViewRow.swift */,
				B5179F2A2A380F2800EE8C3F /* ContentDetailView.swift */,
				B5179F6A2A38F46800EE8C3F /* CodeTextView.swift */,
			);
			path = Views;
			sourceTree = "<group>";
		};
		B58F34382A324623007B7562 /* Models */ = {
			isa = PBXGroup;
			children = (
				B58F34462A326F4F007B7562 /* Models.swift */,
			);
			path = Models;
			sourceTree = "<group>";
		};
		B58F34392A32462F007B7562 /* Resources */ = {
			isa = PBXGroup;
			children = (
				B58F34432A325924007B7562 /* data.json */,
				B58F34422A325924007B7562 /* style.html */,
				B5179F2F2A381B6600EE8C3F /* Constants..swift */,
			);
			path = Resources;
			sourceTree = "<group>";
		};
		B58F343A2A324637007B7562 /* Helpers */ = {
			isa = PBXGroup;
			children = (
			);
			path = Helpers;
			sourceTree = "<group>";
		};
/* End PBXGroup section */

/* Begin PBXNativeTarget section */
		B58F34242A323882007B7562 /* Learning App */ = {
			isa = PBXNativeTarget;
			buildConfigurationList = B58F34332A323883007B7562 /* Build configuration list for PBXNativeTarget "Learning App" */;
			buildPhases = (
				B58F34212A323882007B7562 /* Sources */,
				B58F34222A323882007B7562 /* Frameworks */,
				B58F34232A323882007B7562 /* Resources */,
			);
			buildRules = (
			);
			dependencies = (
			);
			name = "Learning App";
			productName = "Learning App";
			productReference = B58F34252A323882007B7562 /* Learning App.app */;
			productType = "com.apple.product-type.application";
		};
/* End PBXNativeTarget section */

/* Begin PBXProject section */
		B58F341D2A323882007B7562 /* Project object */ = {
			isa = PBXProject;
			attributes = {
				BuildIndependentTargetsInParallel = 1;
				LastSwiftUpdateCheck = 1430;
				LastUpgradeCheck = 1430;
				TargetAttributes = {
					B58F34242A323882007B7562 = {
						CreatedOnToolsVersion = 14.3;
					};
				};
			};
			buildConfigurationList = B58F34202A323882007B7562 /* Build configuration list for PBXProject "Learning App" */;
			compatibilityVersion = "Xcode 14.0";
			developmentRegion = en;
			hasScannedForEncodings = 0;
			knownRegions = (
				en,
				Base,
			);
			mainGroup = B58F341C2A323882007B7562;
			productRefGroup = B58F34262A323882007B7562 /* Products */;
			projectDirPath = "";
			projectRoot = "";
			targets = (
				B58F34242A323882007B7562 /* Learning App */,
			);
		};
/* End PBXProject section */

/* Begin PBXResourcesBuildPhase section */
		B58F34232A323882007B7562 /* Resources */ = {
			isa = PBXResourcesBuildPhase;
			buildActionMask = 2147483647;
			files = (
				B58F34442A325924007B7562 /* style.html in Resources */,
				B58F34302A323883007B7562 /* Preview Assets.xcassets in Resources */,
				B58F342D2A323883007B7562 /* Assets.xcassets in Resources */,
				B58F34452A325924007B7562 /* data.json in Resources */,
			);
			runOnlyForDeploymentPostprocessing = 0;
		};
/* End PBXResourcesBuildPhase section */

/* Begin PBXSourcesBuildPhase section */
		B58F34212A323882007B7562 /* Sources */ = {
			isa = PBXSourcesBuildPhase;
			buildActionMask = 2147483647;
			files = (
				B5179F302A381B6600EE8C3F /* Constants..swift in Sources */,
				B58F342B2A323882007B7562 /* HomeView.swift in Sources */,
				B586991E2A336683009099C2 /* HomeViewRow.swift in Sources */,
				B58699202A33991C009099C2 /* ContentView.swift in Sources */,
				B5179F2B2A380F2800EE8C3F /* ContentDetailView.swift in Sources */,
				B58F34292A323882007B7562 /* LearningApp.swift in Sources */,
				B5179F6B2A38F46800EE8C3F /* CodeTextView.swift in Sources */,
				B58699222A34033D009099C2 /* ContentViewRow.swift in Sources */,
				B58F343D2A324A0E007B7562 /* ContentModel.swift in Sources */,
				B58F34472A326F4F007B7562 /* Models.swift in Sources */,
			);
			runOnlyForDeploymentPostprocessing = 0;
		};
/* End PBXSourcesBuildPhase section */

/* Begin XCBuildConfiguration section */
		B58F34312A323883007B7562 /* Debug */ = {
			isa = XCBuildConfiguration;
			buildSettings = {
				ALWAYS_SEARCH_USER_PATHS = NO;
				CLANG_ANALYZER_NONNULL = YES;
				CLANG_ANALYZER_NUMBER_OBJECT_CONVERSION = YES_AGGRESSIVE;
				CLANG_CXX_LANGUAGE_STANDARD = "gnu++20";
				CLANG_ENABLE_MODULES = YES;
				CLANG_ENABLE_OBJC_ARC = YES;
				CLANG_ENABLE_OBJC_WEAK = YES;
				CLANG_WARN_BLOCK_CAPTURE_AUTORELEASING = YES;
				CLANG_WARN_BOOL_CONVERSION = YES;
				CLANG_WARN_COMMA = YES;
				CLANG_WARN_CONSTANT_CONVERSION = YES;
				CLANG_WARN_DEPRECATED_OBJC_IMPLEMENTATIONS = YES;
				CLANG_WARN_DIRECT_OBJC_ISA_USAGE = YES_ERROR;
				CLANG_WARN_DOCUMENTATION_COMMENTS = YES;
				CLANG_WARN_EMPTY_BODY = YES;
				CLANG_WARN_ENUM_CONVERSION = YES;
				CLANG_WARN_INFINITE_RECURSION = YES;
				CLANG_WARN_INT_CONVERSION = YES;
				CLANG_WARN_NON_LITERAL_NULL_CONVERSION = YES;
				CLANG_WARN_OBJC_IMPLICIT_RETAIN_SELF = YES;
				CLANG_WARN_OBJC_LITERAL_CONVERSION = YES;
				CLANG_WARN_OBJC_ROOT_CLASS = YES_ERROR;
				CLANG_WARN_QUOTED_INCLUDE_IN_FRAMEWORK_HEADER = YES;
				CLANG_WARN_RANGE_LOOP_ANALYSIS = YES;
				CLANG_WARN_STRICT_PROTOTYPES = YES;
				CLANG_WARN_SUSPICIOUS_MOVE = YES;
				CLANG_WARN_UNGUARDED_AVAILABILITY = YES_AGGRESSIVE;
				CLANG_WARN_UNREACHABLE_CODE = YES;
				CLANG_WARN__DUPLICATE_METHOD_MATCH = YES;
				COPY_PHASE_STRIP = NO;
				DEBUG_INFORMATION_FORMAT = dwarf;
				ENABLE_STRICT_OBJC_MSGSEND = YES;
				ENABLE_TESTABILITY = YES;
				GCC_C_LANGUAGE_STANDARD = gnu11;
				GCC_DYNAMIC_NO_PIC = NO;
				GCC_NO_COMMON_BLOCKS = YES;
				GCC_OPTIMIZATION_LEVEL = 0;
				GCC_PREPROCESSOR_DEFINITIONS = (
					"DEBUG=1",
					"$(inherited)",
				);
				GCC_WARN_64_TO_32_BIT_CONVERSION = YES;
				GCC_WARN_ABOUT_RETURN_TYPE = YES_ERROR;
				GCC_WARN_UNDECLARED_SELECTOR = YES;
				GCC_WARN_UNINITIALIZED_AUTOS = YES_AGGRESSIVE;
				GCC_WARN_UNUSED_FUNCTION = YES;
				GCC_WARN_UNUSED_VARIABLE = YES;
				IPHONEOS_DEPLOYMENT_TARGET = 16.4;
				MTL_ENABLE_DEBUG_INFO = INCLUDE_SOURCE;
				MTL_FAST_MATH = YES;
				ONLY_ACTIVE_ARCH = YES;
				SDKROOT = iphoneos;
				SWIFT_ACTIVE_COMPILATION_CONDITIONS = DEBUG;
				SWIFT_OPTIMIZATION_LEVEL = "-Onone";
			};
			name = Debug;
		};
		B58F34322A323883007B7562 /* Release */ = {
			isa = XCBuildConfiguration;
			buildSettings = {
				ALWAYS_SEARCH_USER_PATHS = NO;
				CLANG_ANALYZER_NONNULL = YES;
				CLANG_ANALYZER_NUMBER_OBJECT_CONVERSION = YES_AGGRESSIVE;
				CLANG_CXX_LANGUAGE_STANDARD = "gnu++20";
				CLANG_ENABLE_MODULES = YES;
				CLANG_ENABLE_OBJC_ARC = YES;
				CLANG_ENABLE_OBJC_WEAK = YES;
				CLANG_WARN_BLOCK_CAPTURE_AUTORELEASING = YES;
				CLANG_WARN_BOOL_CONVERSION = YES;
				CLANG_WARN_COMMA = YES;
				CLANG_WARN_CONSTANT_CONVERSION = YES;
				CLANG_WARN_DEPRECATED_OBJC_IMPLEMENTATIONS = YES;
				CLANG_WARN_DIRECT_OBJC_ISA_USAGE = YES_ERROR;
				CLANG_WARN_DOCUMENTATION_COMMENTS = YES;
				CLANG_WARN_EMPTY_BODY = YES;
				CLANG_WARN_ENUM_CONVERSION = YES;
				CLANG_WARN_INFINITE_RECURSION = YES;
				CLANG_WARN_INT_CONVERSION = YES;
				CLANG_WARN_NON_LITERAL_NULL_CONVERSION = YES;
				CLANG_WARN_OBJC_IMPLICIT_RETAIN_SELF = YES;
				CLANG_WARN_OBJC_LITERAL_CONVERSION = YES;
				CLANG_WARN_OBJC_ROOT_CLASS = YES_ERROR;
				CLANG_WARN_QUOTED_INCLUDE_IN_FRAMEWORK_HEADER = YES;
				CLANG_WARN_RANGE_LOOP_ANALYSIS = YES;
				CLANG_WARN_STRICT_PROTOTYPES = YES;
				CLANG_WARN_SUSPICIOUS_MOVE = YES;
				CLANG_WARN_UNGUARDED_AVAILABILITY = YES_AGGRESSIVE;
				CLANG_WARN_UNREACHABLE_CODE = YES;
				CLANG_WARN__DUPLICATE_METHOD_MATCH = YES;
				COPY_PHASE_STRIP = NO;
				DEBUG_INFORMATION_FORMAT = "dwarf-with-dsym";
				ENABLE_NS_ASSERTIONS = NO;
				ENABLE_STRICT_OBJC_MSGSEND = YES;
				GCC_C_LANGUAGE_STANDARD = gnu11;
				GCC_NO_COMMON_BLOCKS = YES;
				GCC_WARN_64_TO_32_BIT_CONVERSION = YES;
				GCC_WARN_ABOUT_RETURN_TYPE = YES_ERROR;
				GCC_WARN_UNDECLARED_SELECTOR = YES;
				GCC_WARN_UNINITIALIZED_AUTOS = YES_AGGRESSIVE;
				GCC_WARN_UNUSED_FUNCTION = YES;
				GCC_WARN_UNUSED_VARIABLE = YES;
				IPHONEOS_DEPLOYMENT_TARGET = 16.4;
				MTL_ENABLE_DEBUG_INFO = NO;
				MTL_FAST_MATH = YES;
				SDKROOT = iphoneos;
				SWIFT_COMPILATION_MODE = wholemodule;
				SWIFT_OPTIMIZATION_LEVEL = "-O";
				VALIDATE_PRODUCT = YES;
			};
			name = Release;
		};
		B58F34342A323883007B7562 /* Debug */ = {
			isa = XCBuildConfiguration;
			buildSettings = {
				ASSETCATALOG_COMPILER_APPICON_NAME = AppIcon;
				ASSETCATALOG_COMPILER_GLOBAL_ACCENT_COLOR_NAME = AccentColor;
				CODE_SIGN_STYLE = Automatic;
				CURRENT_PROJECT_VERSION = 1;
				DEVELOPMENT_ASSET_PATHS = "\"Learning App/Preview Content\"";
				ENABLE_PREVIEWS = YES;
				GENERATE_INFOPLIST_FILE = YES;
				INFOPLIST_KEY_UIApplicationSceneManifest_Generation = YES;
				INFOPLIST_KEY_UIApplicationSupportsIndirectInputEvents = YES;
				INFOPLIST_KEY_UILaunchScreen_Generation = YES;
				INFOPLIST_KEY_UISupportedInterfaceOrientations_iPad = "UIInterfaceOrientationPortrait UIInterfaceOrientationPortraitUpsideDown UIInterfaceOrientationLandscapeLeft UIInterfaceOrientationLandscapeRight";
				INFOPLIST_KEY_UISupportedInterfaceOrientations_iPhone = "UIInterfaceOrientationPortrait UIInterfaceOrientationLandscapeLeft UIInterfaceOrientationLandscapeRight";
				LD_RUNPATH_SEARCH_PATHS = (
					"$(inherited)",
					"@executable_path/Frameworks",
				);
				MARKETING_VERSION = 1.0;
				PRODUCT_BUNDLE_IDENTIFIER = "com.andrewkykoo.Learning-App";
				PRODUCT_NAME = "$(TARGET_NAME)";
				SWIFT_EMIT_LOC_STRINGS = YES;
				SWIFT_VERSION = 5.0;
				TARGETED_DEVICE_FAMILY = "1,2";
			};
			name = Debug;
		};
		B58F34352A323883007B7562 /* Release */ = {
			isa = XCBuildConfiguration;
			buildSettings = {
				ASSETCATALOG_COMPILER_APPICON_NAME = AppIcon;
				ASSETCATALOG_COMPILER_GLOBAL_ACCENT_COLOR_NAME = AccentColor;
				CODE_SIGN_STYLE = Automatic;
				CURRENT_PROJECT_VERSION = 1;
				DEVELOPMENT_ASSET_PATHS = "\"Learning App/Preview Content\"";
				ENABLE_PREVIEWS = YES;
				GENERATE_INFOPLIST_FILE = YES;
				INFOPLIST_KEY_UIApplicationSceneManifest_Generation = YES;
				INFOPLIST_KEY_UIApplicationSupportsIndirectInputEvents = YES;
				INFOPLIST_KEY_UILaunchScreen_Generation = YES;
				INFOPLIST_KEY_UISupportedInterfaceOrientations_iPad = "UIInterfaceOrientationPortrait UIInterfaceOrientationPortraitUpsideDown UIInterfaceOrientationLandscapeLeft UIInterfaceOrientationLandscapeRight";
				INFOPLIST_KEY_UISupportedInterfaceOrientations_iPhone = "UIInterfaceOrientationPortrait UIInterfaceOrientationLandscapeLeft UIInterfaceOrientationLandscapeRight";
				LD_RUNPATH_SEARCH_PATHS = (
					"$(inherited)",
					"@executable_path/Frameworks",
				);
				MARKETING_VERSION = 1.0;
				PRODUCT_BUNDLE_IDENTIFIER = "com.andrewkykoo.Learning-App";
				PRODUCT_NAME = "$(TARGET_NAME)";
				SWIFT_EMIT_LOC_STRINGS = YES;
				SWIFT_VERSION = 5.0;
				TARGETED_DEVICE_FAMILY = "1,2";
			};
			name = Release;
		};
/* End XCBuildConfiguration section */

/* Begin XCConfigurationList section */
		B58F34202A323882007B7562 /* Build configuration list for PBXProject "Learning App" */ = {
			isa = XCConfigurationList;
			buildConfigurations = (
				B58F34312A323883007B7562 /* Debug */,
				B58F34322A323883007B7562 /* Release */,
			);
			defaultConfigurationIsVisible = 0;
			defaultConfigurationName = Release;
		};
		B58F34332A323883007B7562 /* Build configuration list for PBXNativeTarget "Learning App" */ = {
			isa = XCConfigurationList;
			buildConfigurations = (
				B58F34342A323883007B7562 /* Debug */,
				B58F34352A323883007B7562 /* Release */,
			);
			defaultConfigurationIsVisible = 0;
			defaultConfigurationName = Release;
		};
/* End XCConfigurationList section */
	};
	rootObject = B58F341D2A323882007B7562 /* Project object */;
}
